
Microsoft Visual Studio Solution File, Format Version 12.00
# Visual Studio Version 17
VisualStudioVersion = 17.5.33502.453
MinimumVisualStudioVersion = 10.0.40219.1
Project("{FAE04EC0-301F-11D3-BF4B-00C04F79EFBC}") = "Online Discussion", "Online Discussion.csproj", "{69A2F98A-8463-40F8-ABC8-55DD1E8406E7}"
EndProject
Global
	GlobalSection(SolutionConfigurationPlatforms) = preSolution
		Debug|Any CPU = Debug|Any CPU
		Release|Any CPU = Release|Any CPU
	EndGlobalSection
	GlobalSection(ProjectConfigurationPlatforms) = postSolution
		{69A2F98A-8463-40F8-ABC8-55DD1E8406E7}.Debug|Any CPU.ActiveCfg = Debug|Any CPU
		{69A2F98A-8463-40F8-ABC8-55DD1E8406E7}.Debug|Any CPU.Build.0 = Debug|Any CPU
		{69A2F98A-8463-40F8-ABC8-55DD1E8406E7}.Release|Any CPU.ActiveCfg = Release|Any CPU
		{69A2F98A-8463-40F8-ABC8-55DD1E8406E7}.Release|Any CPU.Build.0 = Release|Any CPU
	EndGlobalSection
	GlobalSection(SolutionProperties) = preSolution
		HideSolutionNode = FALSE
	EndGlobalSection
	GlobalSection(ExtensibilityGlobals) = postSolution
		SolutionGuid = {7D25BA04-28DC-4A11-95D9-15B28E4FB697}
	EndGlobalSection
EndGlobal
